
Microsoft Visual Studio Solution File, Format Version 12.00
# Visual Studio 15
VisualStudioVersion = 15.0.26124.0
MinimumVisualStudioVersion = 15.0.26124.0
Project("{2150E333-8FDC-42A3-9474-1A3956D46DE8}") = "source", "source", "{3465D310-F4AB-4412-AEA6-968114E2B88D}"
EndProject
Project("{FAE04EC0-301F-11D3-BF4B-00C04F79EFBC}") = "GraphSchema.io.Client", "source\GraphSchema.io.Client\GraphSchema.io.Client.csproj", "{8A1642DA-5D45-4DF4-8E47-1BD92B094B6C}"
EndProject
Project("{FAE04EC0-301F-11D3-BF4B-00C04F79EFBC}") = "GraphQL.Client", "source\GraphQL.Client\GraphQL.Client.csproj", "{41B23230-F105-446D-B947-42F0B3C451F9}"
EndProject
Project("{FAE04EC0-301F-11D3-BF4B-00C04F79EFBC}") = "GraphQL.Client.tests", "source\GraphQL.Client.tests\GraphQL.Client.tests.csproj", "{B67F0514-0E07-4925-8688-3179620F12D6}"
EndProject
Global
	GlobalSection(SolutionConfigurationPlatforms) = preSolution
		Debug|Any CPU = Debug|Any CPU
		Debug|x64 = Debug|x64
		Debug|x86 = Debug|x86
		Release|Any CPU = Release|Any CPU
		Release|x64 = Release|x64
		Release|x86 = Release|x86
	EndGlobalSection
	GlobalSection(SolutionProperties) = preSolution
		HideSolutionNode = FALSE
	EndGlobalSection
	GlobalSection(ProjectConfigurationPlatforms) = postSolution
		{8A1642DA-5D45-4DF4-8E47-1BD92B094B6C}.Debug|Any CPU.ActiveCfg = Debug|Any CPU
		{8A1642DA-5D45-4DF4-8E47-1BD92B094B6C}.Debug|Any CPU.Build.0 = Debug|Any CPU
		{8A1642DA-5D45-4DF4-8E47-1BD92B094B6C}.Debug|x64.ActiveCfg = Debug|Any CPU
		{8A1642DA-5D45-4DF4-8E47-1BD92B094B6C}.Debug|x64.Build.0 = Debug|Any CPU
		{8A1642DA-5D45-4DF4-8E47-1BD92B094B6C}.Debug|x86.ActiveCfg = Debug|Any CPU
		{8A1642DA-5D45-4DF4-8E47-1BD92B094B6C}.Debug|x86.Build.0 = Debug|Any CPU
		{8A1642DA-5D45-4DF4-8E47-1BD92B094B6C}.Release|Any CPU.ActiveCfg = Release|Any CPU
		{8A1642DA-5D45-4DF4-8E47-1BD92B094B6C}.Release|Any CPU.Build.0 = Release|Any CPU
		{8A1642DA-5D45-4DF4-8E47-1BD92B094B6C}.Release|x64.ActiveCfg = Release|Any CPU
		{8A1642DA-5D45-4DF4-8E47-1BD92B094B6C}.Release|x64.Build.0 = Release|Any CPU
		{8A1642DA-5D45-4DF4-8E47-1BD92B094B6C}.Release|x86.ActiveCfg = Release|Any CPU
		{8A1642DA-5D45-4DF4-8E47-1BD92B094B6C}.Release|x86.Build.0 = Release|Any CPU
		{41B23230-F105-446D-B947-42F0B3C451F9}.Debug|Any CPU.ActiveCfg = Debug|Any CPU
		{41B23230-F105-446D-B947-42F0B3C451F9}.Debug|Any CPU.Build.0 = Debug|Any CPU
		{41B23230-F105-446D-B947-42F0B3C451F9}.Debug|x64.ActiveCfg = Debug|Any CPU
		{41B23230-F105-446D-B947-42F0B3C451F9}.Debug|x64.Build.0 = Debug|Any CPU
		{41B23230-F105-446D-B947-42F0B3C451F9}.Debug|x86.ActiveCfg = Debug|Any CPU
		{41B23230-F105-446D-B947-42F0B3C451F9}.Debug|x86.Build.0 = Debug|Any CPU
		{41B23230-F105-446D-B947-42F0B3C451F9}.Release|Any CPU.ActiveCfg = Release|Any CPU
		{41B23230-F105-446D-B947-42F0B3C451F9}.Release|Any CPU.Build.0 = Release|Any CPU
		{41B23230-F105-446D-B947-42F0B3C451F9}.Release|x64.ActiveCfg = Release|Any CPU
		{41B23230-F105-446D-B947-42F0B3C451F9}.Release|x64.Build.0 = Release|Any CPU
		{41B23230-F105-446D-B947-42F0B3C451F9}.Release|x86.ActiveCfg = Release|Any CPU
		{41B23230-F105-446D-B947-42F0B3C451F9}.Release|x86.Build.0 = Release|Any CPU
		{B67F0514-0E07-4925-8688-3179620F12D6}.Debug|Any CPU.ActiveCfg = Debug|Any CPU
		{B67F0514-0E07-4925-8688-3179620F12D6}.Debug|Any CPU.Build.0 = Debug|Any CPU
		{B67F0514-0E07-4925-8688-3179620F12D6}.Debug|x64.ActiveCfg = Debug|Any CPU
		{B67F0514-0E07-4925-8688-3179620F12D6}.Debug|x64.Build.0 = Debug|Any CPU
		{B67F0514-0E07-4925-8688-3179620F12D6}.Debug|x86.ActiveCfg = Debug|Any CPU
		{B67F0514-0E07-4925-8688-3179620F12D6}.Debug|x86.Build.0 = Debug|Any CPU
		{B67F0514-0E07-4925-8688-3179620F12D6}.Release|Any CPU.ActiveCfg = Release|Any CPU
		{B67F0514-0E07-4925-8688-3179620F12D6}.Release|Any CPU.Build.0 = Release|Any CPU
		{B67F0514-0E07-4925-8688-3179620F12D6}.Release|x64.ActiveCfg = Release|Any CPU
		{B67F0514-0E07-4925-8688-3179620F12D6}.Release|x64.Build.0 = Release|Any CPU
		{B67F0514-0E07-4925-8688-3179620F12D6}.Release|x86.ActiveCfg = Release|Any CPU
		{B67F0514-0E07-4925-8688-3179620F12D6}.Release|x86.Build.0 = Release|Any CPU
	EndGlobalSection
	GlobalSection(NestedProjects) = preSolution
		{8A1642DA-5D45-4DF4-8E47-1BD92B094B6C} = {3465D310-F4AB-4412-AEA6-968114E2B88D}
		{41B23230-F105-446D-B947-42F0B3C451F9} = {3465D310-F4AB-4412-AEA6-968114E2B88D}
		{B67F0514-0E07-4925-8688-3179620F12D6} = {3465D310-F4AB-4412-AEA6-968114E2B88D}
	EndGlobalSection
EndGlobal
